
Microsoft Visual Studio Solution File, Format Version 12.00
# Visual Studio Version 17
VisualStudioVersion = 17.9.34701.34
MinimumVisualStudioVersion = 10.0.40219.1
Project("{FAE04EC0-301F-11D3-BF4B-00C04F79EFBC}") = "Auction.API", "Auction.API.csproj", "{BA73B52F-1562-4EBB-8752-241EDC42BDAC}"
EndProject
Project("{FAE04EC0-301F-11D3-BF4B-00C04F79EFBC}") = "Auction.Application", "..\Auction.Application\Auction.Application.csproj", "{B4C3DF0E-D0BD-4F61-8E62-061860EE901A}"
EndProject
Project("{FAE04EC0-301F-11D3-BF4B-00C04F79EFBC}") = "Auction.DataAccess.Postgres", "..\Auction.DataAccess.Postgres\Auction.DataAccess.Postgres.csproj", "{636CDF76-3DE2-4C68-A888-FFCE868B5CA1}"
EndProject
Global
	GlobalSection(SolutionConfigurationPlatforms) = preSolution
		Debug|Any CPU = Debug|Any CPU
		Release|Any CPU = Release|Any CPU
	EndGlobalSection
	GlobalSection(ProjectConfigurationPlatforms) = postSolution
		{BA73B52F-1562-4EBB-8752-241EDC42BDAC}.Debug|Any CPU.ActiveCfg = Debug|Any CPU
		{BA73B52F-1562-4EBB-8752-241EDC42BDAC}.Debug|Any CPU.Build.0 = Debug|Any CPU
		{BA73B52F-1562-4EBB-8752-241EDC42BDAC}.Release|Any CPU.ActiveCfg = Release|Any CPU
		{BA73B52F-1562-4EBB-8752-241EDC42BDAC}.Release|Any CPU.Build.0 = Release|Any CPU
		{B4C3DF0E-D0BD-4F61-8E62-061860EE901A}.Debug|Any CPU.ActiveCfg = Debug|Any CPU
		{B4C3DF0E-D0BD-4F61-8E62-061860EE901A}.Debug|Any CPU.Build.0 = Debug|Any CPU
		{B4C3DF0E-D0BD-4F61-8E62-061860EE901A}.Release|Any CPU.ActiveCfg = Release|Any CPU
		{B4C3DF0E-D0BD-4F61-8E62-061860EE901A}.Release|Any CPU.Build.0 = Release|Any CPU
		{636CDF76-3DE2-4C68-A888-FFCE868B5CA1}.Debug|Any CPU.ActiveCfg = Debug|Any CPU
		{636CDF76-3DE2-4C68-A888-FFCE868B5CA1}.Debug|Any CPU.Build.0 = Debug|Any CPU
		{636CDF76-3DE2-4C68-A888-FFCE868B5CA1}.Release|Any CPU.ActiveCfg = Release|Any CPU
		{636CDF76-3DE2-4C68-A888-FFCE868B5CA1}.Release|Any CPU.Build.0 = Release|Any CPU
	EndGlobalSection
	GlobalSection(SolutionProperties) = preSolution
		HideSolutionNode = FALSE
	EndGlobalSection
	GlobalSection(ExtensibilityGlobals) = postSolution
		SolutionGuid = {9C2F0517-2320-4557-8E49-BA12AA37543A}
	EndGlobalSection
EndGlobal
